// !$*UTF8*$!
{
	archiveVersion = 1;
	classes = {
	};
	objectVersion = 56;
	objects = {

/* Begin PBXBuildFile section */
		41617AA72C808C9A0018EBCB /* UICollectionViewCell.swift in Sources */ = {isa = PBXBuildFile; fileRef = 41617AA62C808C9A0018EBCB /* UICollectionViewCell.swift */; };
		41617AA92C808D400018EBCB /* RecipeDetailViewController.swift in Sources */ = {isa = PBXBuildFile; fileRef = 41617AA82C808D400018EBCB /* RecipeDetailViewController.swift */; };
		41617AAB2C80E7960018EBCB /* RecipesViewController.swift in Sources */ = {isa = PBXBuildFile; fileRef = 41617AAA2C80E7960018EBCB /* RecipesViewController.swift */; };
		41D6351B2C7FB3B40015B351 /* AppDelegate.swift in Sources */ = {isa = PBXBuildFile; fileRef = 41D6351A2C7FB3B40015B351 /* AppDelegate.swift */; };
		41D6351D2C7FB3B40015B351 /* SceneDelegate.swift in Sources */ = {isa = PBXBuildFile; fileRef = 41D6351C2C7FB3B40015B351 /* SceneDelegate.swift */; };
		41D6351F2C7FB3B40015B351 /* ViewController.swift in Sources */ = {isa = PBXBuildFile; fileRef = 41D6351E2C7FB3B40015B351 /* ViewController.swift */; };
		41D635222C7FB3B40015B351 /* Main.storyboard in Resources */ = {isa = PBXBuildFile; fileRef = 41D635202C7FB3B40015B351 /* Main.storyboard */; };
		41D635242C7FB3B60015B351 /* Assets.xcassets in Resources */ = {isa = PBXBuildFile; fileRef = 41D635232C7FB3B60015B351 /* Assets.xcassets */; };
		41D635272C7FB3B60015B351 /* LaunchScreen.storyboard in Resources */ = {isa = PBXBuildFile; fileRef = 41D635252C7FB3B60015B351 /* LaunchScreen.storyboard */; };
		41D635322C7FB3B60015B351 /* RecorderTests.swift in Sources */ = {isa = PBXBuildFile; fileRef = 41D635312C7FB3B60015B351 /* RecorderTests.swift */; };
		41D6353C2C7FB3B60015B351 /* RecorderUITests.swift in Sources */ = {isa = PBXBuildFile; fileRef = 41D6353B2C7FB3B60015B351 /* RecorderUITests.swift */; };
		41D6353E2C7FB3B60015B351 /* RecorderUITestsLaunchTests.swift in Sources */ = {isa = PBXBuildFile; fileRef = 41D6353D2C7FB3B60015B351 /* RecorderUITestsLaunchTests.swift */; };
		41D6354B2C7FB4D60015B351 /* BaseCollectionViewController.swift in Sources */ = {isa = PBXBuildFile; fileRef = 41D6354A2C7FB4D60015B351 /* BaseCollectionViewController.swift */; };
		41D6354E2C806E4B0015B351 /* RecipeViewModel.swift in Sources */ = {isa = PBXBuildFile; fileRef = 41D6354D2C806E4B0015B351 /* RecipeViewModel.swift */; };
		41D635502C8072220015B351 /* RecipeViewModelProtocol.swift in Sources */ = {isa = PBXBuildFile; fileRef = 41D6354F2C8072220015B351 /* RecipeViewModelProtocol.swift */; };
		41D635522C8073080015B351 /* ASSETS in Resources */ = {isa = PBXBuildFile; fileRef = 41D635512C8073080015B351 /* ASSETS */; };
/* End PBXBuildFile section */

/* Begin PBXContainerItemProxy section */
		41D6352E2C7FB3B60015B351 /* PBXContainerItemProxy */ = {
			isa = PBXContainerItemProxy;
			containerPortal = 41D6350F2C7FB3B40015B351 /* Project object */;
			proxyType = 1;
			remoteGlobalIDString = 41D635162C7FB3B40015B351;
			remoteInfo = Recorder;
		};
		41D635382C7FB3B60015B351 /* PBXContainerItemProxy */ = {
			isa = PBXContainerItemProxy;
			containerPortal = 41D6350F2C7FB3B40015B351 /* Project object */;
			proxyType = 1;
			remoteGlobalIDString = 41D635162C7FB3B40015B351;
			remoteInfo = Recorder;
		};
/* End PBXContainerItemProxy section */

/* Begin PBXFileReference section */
		41617AA62C808C9A0018EBCB /* UICollectionViewCell.swift */ = {isa = PBXFileReference; lastKnownFileType = sourcecode.swift; path = UICollectionViewCell.swift; sourceTree = "<group>"; };
		41617AA82C808D400018EBCB /* RecipeDetailViewController.swift */ = {isa = PBXFileReference; lastKnownFileType = sourcecode.swift; path = RecipeDetailViewController.swift; sourceTree = "<group>"; };
		41617AAA2C80E7960018EBCB /* RecipesViewController.swift */ = {isa = PBXFileReference; lastKnownFileType = sourcecode.swift; path = RecipesViewController.swift; sourceTree = "<group>"; };
		41D635172C7FB3B40015B351 /* Recorder.app */ = {isa = PBXFileReference; explicitFileType = wrapper.application; includeInIndex = 0; path = Recorder.app; sourceTree = BUILT_PRODUCTS_DIR; };
		41D6351A2C7FB3B40015B351 /* AppDelegate.swift */ = {isa = PBXFileReference; lastKnownFileType = sourcecode.swift; path = AppDelegate.swift; sourceTree = "<group>"; };
		41D6351C2C7FB3B40015B351 /* SceneDelegate.swift */ = {isa = PBXFileReference; lastKnownFileType = sourcecode.swift; path = SceneDelegate.swift; sourceTree = "<group>"; };
		41D6351E2C7FB3B40015B351 /* ViewController.swift */ = {isa = PBXFileReference; lastKnownFileType = sourcecode.swift; path = ViewController.swift; sourceTree = "<group>"; };
		41D635212C7FB3B40015B351 /* Base */ = {isa = PBXFileReference; lastKnownFileType = file.storyboard; name = Base; path = Base.lproj/Main.storyboard; sourceTree = "<group>"; };
		41D635232C7FB3B60015B351 /* Assets.xcassets */ = {isa = PBXFileReference; lastKnownFileType = folder.assetcatalog; path = Assets.xcassets; sourceTree = "<group>"; };
		41D635262C7FB3B60015B351 /* Base */ = {isa = PBXFileReference; lastKnownFileType = file.storyboard; name = Base; path = Base.lproj/LaunchScreen.storyboard; sourceTree = "<group>"; };
		41D635282C7FB3B60015B351 /* Info.plist */ = {isa = PBXFileReference; lastKnownFileType = text.plist.xml; path = Info.plist; sourceTree = "<group>"; };
		41D6352D2C7FB3B60015B351 /* RecorderTests.xctest */ = {isa = PBXFileReference; explicitFileType = wrapper.cfbundle; includeInIndex = 0; path = RecorderTests.xctest; sourceTree = BUILT_PRODUCTS_DIR; };
		41D635312C7FB3B60015B351 /* RecorderTests.swift */ = {isa = PBXFileReference; lastKnownFileType = sourcecode.swift; path = RecorderTests.swift; sourceTree = "<group>"; };
		41D635372C7FB3B60015B351 /* RecorderUITests.xctest */ = {isa = PBXFileReference; explicitFileType = wrapper.cfbundle; includeInIndex = 0; path = RecorderUITests.xctest; sourceTree = BUILT_PRODUCTS_DIR; };
		41D6353B2C7FB3B60015B351 /* RecorderUITests.swift */ = {isa = PBXFileReference; lastKnownFileType = sourcecode.swift; path = RecorderUITests.swift; sourceTree = "<group>"; };
		41D6353D2C7FB3B60015B351 /* RecorderUITestsLaunchTests.swift */ = {isa = PBXFileReference; lastKnownFileType = sourcecode.swift; path = RecorderUITestsLaunchTests.swift; sourceTree = "<group>"; };
		41D6354A2C7FB4D60015B351 /* BaseCollectionViewController.swift */ = {isa = PBXFileReference; lastKnownFileType = sourcecode.swift; path = BaseCollectionViewController.swift; sourceTree = "<group>"; };
		41D6354D2C806E4B0015B351 /* RecipeViewModel.swift */ = {isa = PBXFileReference; lastKnownFileType = sourcecode.swift; path = RecipeViewModel.swift; sourceTree = "<group>"; };
		41D6354F2C8072220015B351 /* RecipeViewModelProtocol.swift */ = {isa = PBXFileReference; lastKnownFileType = sourcecode.swift; path = RecipeViewModelProtocol.swift; sourceTree = "<group>"; };
		41D635512C8073080015B351 /* ASSETS */ = {isa = PBXFileReference; lastKnownFileType = folder; name = ASSETS; path = ../../../Desktop/ASSETS; sourceTree = "<group>"; };
/* End PBXFileReference section */

/* Begin PBXFrameworksBuildPhase section */
		41D635142C7FB3B40015B351 /* Frameworks */ = {
			isa = PBXFrameworksBuildPhase;
			buildActionMask = 2147483647;
			files = (
			);
			runOnlyForDeploymentPostprocessing = 0;
		};
		41D6352A2C7FB3B60015B351 /* Frameworks */ = {
			isa = PBXFrameworksBuildPhase;
			buildActionMask = 2147483647;
			files = (
			);
			runOnlyForDeploymentPostprocessing = 0;
		};
		41D635342C7FB3B60015B351 /* Frameworks */ = {
			isa = PBXFrameworksBuildPhase;
			buildActionMask = 2147483647;
			files = (
			);
			runOnlyForDeploymentPostprocessing = 0;
		};
/* End PBXFrameworksBuildPhase section */

/* Begin PBXGroup section */
		41617AA32C808B410018EBCB /* ViewControllers */ = {
			isa = PBXGroup;
			children = (
				41D6354A2C7FB4D60015B351 /* BaseCollectionViewController.swift */,
				41D6351E2C7FB3B40015B351 /* ViewController.swift */,
				41617AA82C808D400018EBCB /* RecipeDetailViewController.swift */,
				41617AAA2C80E7960018EBCB /* RecipesViewController.swift */,
			);
			path = ViewControllers;
			sourceTree = "<group>";
		};
		41617AA42C808B5F0018EBCB /* Views */ = {
			isa = PBXGroup;
			children = (
				41617AA62C808C9A0018EBCB /* UICollectionViewCell.swift */,
			);
			path = Views;
			sourceTree = "<group>";
		};
		41617AA52C808B860018EBCB /* Models */ = {
			isa = PBXGroup;
			children = (
			);
			path = Models;
			sourceTree = "<group>";
		};
		41D6350E2C7FB3B40015B351 = {
			isa = PBXGroup;
			children = (
				41D635192C7FB3B40015B351 /* Recorder */,
				41D635302C7FB3B60015B351 /* RecorderTests */,
				41D6353A2C7FB3B60015B351 /* RecorderUITests */,
				41D635182C7FB3B40015B351 /* Products */,
			);
			sourceTree = "<group>";
		};
		41D635182C7FB3B40015B351 /* Products */ = {
			isa = PBXGroup;
			children = (
				41D635172C7FB3B40015B351 /* Recorder.app */,
				41D6352D2C7FB3B60015B351 /* RecorderTests.xctest */,
				41D635372C7FB3B60015B351 /* RecorderUITests.xctest */,
			);
			name = Products;
			sourceTree = "<group>";
		};
		41D635192C7FB3B40015B351 /* Recorder */ = {
			isa = PBXGroup;
			children = (
				41617AA52C808B860018EBCB /* Models */,
				41617AA42C808B5F0018EBCB /* Views */,
				41617AA32C808B410018EBCB /* ViewControllers */,
				41D6354C2C806E140015B351 /* ViewModels */,
				41D6351A2C7FB3B40015B351 /* AppDelegate.swift */,
				41D6351C2C7FB3B40015B351 /* SceneDelegate.swift */,
				41D635202C7FB3B40015B351 /* Main.storyboard */,
				41D635232C7FB3B60015B351 /* Assets.xcassets */,
				41D635252C7FB3B60015B351 /* LaunchScreen.storyboard */,
				41D635282C7FB3B60015B351 /* Info.plist */,
			);
			path = Recorder;
			sourceTree = "<group>";
		};
		41D635302C7FB3B60015B351 /* RecorderTests */ = {
			isa = PBXGroup;
			children = (
				41D635312C7FB3B60015B351 /* RecorderTests.swift */,
			);
			path = RecorderTests;
			sourceTree = "<group>";
		};
		41D6353A2C7FB3B60015B351 /* RecorderUITests */ = {
			isa = PBXGroup;
			children = (
				41D6353B2C7FB3B60015B351 /* RecorderUITests.swift */,
				41D6353D2C7FB3B60015B351 /* RecorderUITestsLaunchTests.swift */,
				41D635512C8073080015B351 /* ASSETS */,
			);
			path = RecorderUITests;
			sourceTree = "<group>";
		};
		41D6354C2C806E140015B351 /* ViewModels */ = {
			isa = PBXGroup;
			children = (
				41D6354D2C806E4B0015B351 /* RecipeViewModel.swift */,
				41D6354F2C8072220015B351 /* RecipeViewModelProtocol.swift */,
			);
			path = ViewModels;
			sourceTree = "<group>";
		};
/* End PBXGroup section */

/* Begin PBXNativeTarget section */
		41D635162C7FB3B40015B351 /* Recorder */ = {
			isa = PBXNativeTarget;
			buildConfigurationList = 41D635412C7FB3B60015B351 /* Build configuration list for PBXNativeTarget "Recorder" */;
			buildPhases = (
				41D635132C7FB3B40015B351 /* Sources */,
				41D635142C7FB3B40015B351 /* Frameworks */,
				41D635152C7FB3B40015B351 /* Resources */,
			);
			buildRules = (
			);
			dependencies = (
			);
			name = Recorder;
			productName = Recorder;
			productReference = 41D635172C7FB3B40015B351 /* Recorder.app */;
			productType = "com.apple.product-type.application";
		};
		41D6352C2C7FB3B60015B351 /* RecorderTests */ = {
			isa = PBXNativeTarget;
			buildConfigurationList = 41D635442C7FB3B60015B351 /* Build configuration list for PBXNativeTarget "RecorderTests" */;
			buildPhases = (
				41D635292C7FB3B60015B351 /* Sources */,
				41D6352A2C7FB3B60015B351 /* Frameworks */,
				41D6352B2C7FB3B60015B351 /* Resources */,
			);
			buildRules = (
			);
			dependencies = (
				41D6352F2C7FB3B60015B351 /* PBXTargetDependency */,
			);
			name = RecorderTests;
			productName = RecorderTests;
			productReference = 41D6352D2C7FB3B60015B351 /* RecorderTests.xctest */;
			productType = "com.apple.product-type.bundle.unit-test";
		};
		41D635362C7FB3B60015B351 /* RecorderUITests */ = {
			isa = PBXNativeTarget;
			buildConfigurationList = 41D635472C7FB3B60015B351 /* Build configuration list for PBXNativeTarget "RecorderUITests" */;
			buildPhases = (
				41D635332C7FB3B60015B351 /* Sources */,
				41D635342C7FB3B60015B351 /* Frameworks */,
				41D635352C7FB3B60015B351 /* Resources */,
			);
			buildRules = (
			);
			dependencies = (
				41D635392C7FB3B60015B351 /* PBXTargetDependency */,
			);
			name = RecorderUITests;
			productName = RecorderUITests;
			productReference = 41D635372C7FB3B60015B351 /* RecorderUITests.xctest */;
			productType = "com.apple.product-type.bundle.ui-testing";
		};
/* End PBXNativeTarget section */

/* Begin PBXProject section */
		41D6350F2C7FB3B40015B351 /* Project object */ = {
			isa = PBXProject;
			attributes = {
				BuildIndependentTargetsInParallel = 1;
				LastSwiftUpdateCheck = 1420;
				LastUpgradeCheck = 1420;
				TargetAttributes = {
					41D635162C7FB3B40015B351 = {
						CreatedOnToolsVersion = 14.2;
					};
					41D6352C2C7FB3B60015B351 = {
						CreatedOnToolsVersion = 14.2;
						TestTargetID = 41D635162C7FB3B40015B351;
					};
					41D635362C7FB3B60015B351 = {
						CreatedOnToolsVersion = 14.2;
						TestTargetID = 41D635162C7FB3B40015B351;
					};
				};
			};
			buildConfigurationList = 41D635122C7FB3B40015B351 /* Build configuration list for PBXProject "Recorder" */;
			compatibilityVersion = "Xcode 14.0";
			developmentRegion = en;
			hasScannedForEncodings = 0;
			knownRegions = (
				en,
				Base,
			);
			mainGroup = 41D6350E2C7FB3B40015B351;
			productRefGroup = 41D635182C7FB3B40015B351 /* Products */;
			projectDirPath = "";
			projectRoot = "";
			targets = (
				41D635162C7FB3B40015B351 /* Recorder */,
				41D6352C2C7FB3B60015B351 /* RecorderTests */,
				41D635362C7FB3B60015B351 /* RecorderUITests */,
			);
		};
/* End PBXProject section */

/* Begin PBXResourcesBuildPhase section */
		41D635152C7FB3B40015B351 /* Resources */ = {
			isa = PBXResourcesBuildPhase;
			buildActionMask = 2147483647;
			files = (
				41D635272C7FB3B60015B351 /* LaunchScreen.storyboard in Resources */,
				41D635242C7FB3B60015B351 /* Assets.xcassets in Resources */,
				41D635222C7FB3B40015B351 /* Main.storyboard in Resources */,
			);
			runOnlyForDeploymentPostprocessing = 0;
		};
		41D6352B2C7FB3B60015B351 /* Resources */ = {
			isa = PBXResourcesBuildPhase;
			buildActionMask = 2147483647;
			files = (
			);
			runOnlyForDeploymentPostprocessing = 0;
		};
		41D635352C7FB3B60015B351 /* Resources */ = {
			isa = PBXResourcesBuildPhase;
			buildActionMask = 2147483647;
			files = (
				41D635522C8073080015B351 /* ASSETS in Resources */,
			);
			runOnlyForDeploymentPostprocessing = 0;
		};
/* End PBXResourcesBuildPhase section */

/* Begin PBXSourcesBuildPhase section */
		41D635132C7FB3B40015B351 /* Sources */ = {
			isa = PBXSourcesBuildPhase;
			buildActionMask = 2147483647;
			files = (
				41D6351F2C7FB3B40015B351 /* ViewController.swift in Sources */,
				41617AA72C808C9A0018EBCB /* UICollectionViewCell.swift in Sources */,
				41617AA92C808D400018EBCB /* RecipeDetailViewController.swift in Sources */,
				41D6351B2C7FB3B40015B351 /* AppDelegate.swift in Sources */,
				41D6351D2C7FB3B40015B351 /* SceneDelegate.swift in Sources */,
				41D6354E2C806E4B0015B351 /* RecipeViewModel.swift in Sources */,
				41D635502C8072220015B351 /* RecipeViewModelProtocol.swift in Sources */,
				41D6354B2C7FB4D60015B351 /* BaseCollectionViewController.swift in Sources */,
				41617AAB2C80E7960018EBCB /* RecipesViewController.swift in Sources */,
			);
			runOnlyForDeploymentPostprocessing = 0;
		};
		41D635292C7FB3B60015B351 /* Sources */ = {
			isa = PBXSourcesBuildPhase;
			buildActionMask = 2147483647;
			files = (
				41D635322C7FB3B60015B351 /* RecorderTests.swift in Sources */,
			);
			runOnlyForDeploymentPostprocessing = 0;
		};
		41D635332C7FB3B60015B351 /* Sources */ = {
			isa = PBXSourcesBuildPhase;
			buildActionMask = 2147483647;
			files = (
				41D6353E2C7FB3B60015B351 /* RecorderUITestsLaunchTests.swift in Sources */,
				41D6353C2C7FB3B60015B351 /* RecorderUITests.swift in Sources */,
			);
			runOnlyForDeploymentPostprocessing = 0;
		};
/* End PBXSourcesBuildPhase section */

/* Begin PBXTargetDependency section */
		41D6352F2C7FB3B60015B351 /* PBXTargetDependency */ = {
			isa = PBXTargetDependency;
			target = 41D635162C7FB3B40015B351 /* Recorder */;
			targetProxy = 41D6352E2C7FB3B60015B351 /* PBXContainerItemProxy */;
		};
		41D635392C7FB3B60015B351 /* PBXTargetDependency */ = {
			isa = PBXTargetDependency;
			target = 41D635162C7FB3B40015B351 /* Recorder */;
			targetProxy = 41D635382C7FB3B60015B351 /* PBXContainerItemProxy */;
		};
/* End PBXTargetDependency section */

/* Begin PBXVariantGroup section */
		41D635202C7FB3B40015B351 /* Main.storyboard */ = {
			isa = PBXVariantGroup;
			children = (
				41D635212C7FB3B40015B351 /* Base */,
			);
			name = Main.storyboard;
			sourceTree = "<group>";
		};
		41D635252C7FB3B60015B351 /* LaunchScreen.storyboard */ = {
			isa = PBXVariantGroup;
			children = (
				41D635262C7FB3B60015B351 /* Base */,
			);
			name = LaunchScreen.storyboard;
			sourceTree = "<group>";
		};
/* End PBXVariantGroup section */

/* Begin XCBuildConfiguration section */
		41D6353F2C7FB3B60015B351 /* Debug */ = {
			isa = XCBuildConfiguration;
			buildSettings = {
				ALWAYS_SEARCH_USER_PATHS = NO;
				CLANG_ANALYZER_NONNULL = YES;
				CLANG_ANALYZER_NUMBER_OBJECT_CONVERSION = YES_AGGRESSIVE;
				CLANG_CXX_LANGUAGE_STANDARD = "gnu++20";
				CLANG_ENABLE_MODULES = YES;
				CLANG_ENABLE_OBJC_ARC = YES;
				CLANG_ENABLE_OBJC_WEAK = YES;
				CLANG_WARN_BLOCK_CAPTURE_AUTORELEASING = YES;
				CLANG_WARN_BOOL_CONVERSION = YES;
				CLANG_WARN_COMMA = YES;
				CLANG_WARN_CONSTANT_CONVERSION = YES;
				CLANG_WARN_DEPRECATED_OBJC_IMPLEMENTATIONS = YES;
				CLANG_WARN_DIRECT_OBJC_ISA_USAGE = YES_ERROR;
				CLANG_WARN_DOCUMENTATION_COMMENTS = YES;
				CLANG_WARN_EMPTY_BODY = YES;
				CLANG_WARN_ENUM_CONVERSION = YES;
				CLANG_WARN_INFINITE_RECURSION = YES;
				CLANG_WARN_INT_CONVERSION = YES;
				CLANG_WARN_NON_LITERAL_NULL_CONVERSION = YES;
				CLANG_WARN_OBJC_IMPLICIT_RETAIN_SELF = YES;
				CLANG_WARN_OBJC_LITERAL_CONVERSION = YES;
				CLANG_WARN_OBJC_ROOT_CLASS = YES_ERROR;
				CLANG_WARN_QUOTED_INCLUDE_IN_FRAMEWORK_HEADER = YES;
				CLANG_WARN_RANGE_LOOP_ANALYSIS = YES;
				CLANG_WARN_STRICT_PROTOTYPES = YES;
				CLANG_WARN_SUSPICIOUS_MOVE = YES;
				CLANG_WARN_UNGUARDED_AVAILABILITY = YES_AGGRESSIVE;
				CLANG_WARN_UNREACHABLE_CODE = YES;
				CLANG_WARN__DUPLICATE_METHOD_MATCH = YES;
				COPY_PHASE_STRIP = NO;
				DEBUG_INFORMATION_FORMAT = dwarf;
				ENABLE_STRICT_OBJC_MSGSEND = YES;
				ENABLE_TESTABILITY = YES;
				GCC_C_LANGUAGE_STANDARD = gnu11;
				GCC_DYNAMIC_NO_PIC = NO;
				GCC_NO_COMMON_BLOCKS = YES;
				GCC_OPTIMIZATION_LEVEL = 0;
				GCC_PREPROCESSOR_DEFINITIONS = (
					"DEBUG=1",
					"$(inherited)",
				);
				GCC_WARN_64_TO_32_BIT_CONVERSION = YES;
				GCC_WARN_ABOUT_RETURN_TYPE = YES_ERROR;
				GCC_WARN_UNDECLARED_SELECTOR = YES;
				GCC_WARN_UNINITIALIZED_AUTOS = YES_AGGRESSIVE;
				GCC_WARN_UNUSED_FUNCTION = YES;
				GCC_WARN_UNUSED_VARIABLE = YES;
				IPHONEOS_DEPLOYMENT_TARGET = 16.2;
				MTL_ENABLE_DEBUG_INFO = INCLUDE_SOURCE;
				MTL_FAST_MATH = YES;
				ONLY_ACTIVE_ARCH = YES;
				SDKROOT = iphoneos;
				SWIFT_ACTIVE_COMPILATION_CONDITIONS = DEBUG;
				SWIFT_OPTIMIZATION_LEVEL = "-Onone";
			};
			name = Debug;
		};
		41D635402C7FB3B60015B351 /* Release */ = {
			isa = XCBuildConfiguration;
			buildSettings = {
				ALWAYS_SEARCH_USER_PATHS = NO;
				CLANG_ANALYZER_NONNULL = YES;
				CLANG_ANALYZER_NUMBER_OBJECT_CONVERSION = YES_AGGRESSIVE;
				CLANG_CXX_LANGUAGE_STANDARD = "gnu++20";
				CLANG_ENABLE_MODULES = YES;
				CLANG_ENABLE_OBJC_ARC = YES;
				CLANG_ENABLE_OBJC_WEAK = YES;
				CLANG_WARN_BLOCK_CAPTURE_AUTORELEASING = YES;
				CLANG_WARN_BOOL_CONVERSION = YES;
				CLANG_WARN_COMMA = YES;
				CLANG_WARN_CONSTANT_CONVERSION = YES;
				CLANG_WARN_DEPRECATED_OBJC_IMPLEMENTATIONS = YES;
				CLANG_WARN_DIRECT_OBJC_ISA_USAGE = YES_ERROR;
				CLANG_WARN_DOCUMENTATION_COMMENTS = YES;
				CLANG_WARN_EMPTY_BODY = YES;
				CLANG_WARN_ENUM_CONVERSION = YES;
				CLANG_WARN_INFINITE_RECURSION = YES;
				CLANG_WARN_INT_CONVERSION = YES;
				CLANG_WARN_NON_LITERAL_NULL_CONVERSION = YES;
				CLANG_WARN_OBJC_IMPLICIT_RETAIN_SELF = YES;
				CLANG_WARN_OBJC_LITERAL_CONVERSION = YES;
				CLANG_WARN_OBJC_ROOT_CLASS = YES_ERROR;
				CLANG_WARN_QUOTED_INCLUDE_IN_FRAMEWORK_HEADER = YES;
				CLANG_WARN_RANGE_LOOP_ANALYSIS = YES;
				CLANG_WARN_STRICT_PROTOTYPES = YES;
				CLANG_WARN_SUSPICIOUS_MOVE = YES;
				CLANG_WARN_UNGUARDED_AVAILABILITY = YES_AGGRESSIVE;
				CLANG_WARN_UNREACHABLE_CODE = YES;
				CLANG_WARN__DUPLICATE_METHOD_MATCH = YES;
				COPY_PHASE_STRIP = NO;
				DEBUG_INFORMATION_FORMAT = "dwarf-with-dsym";
				ENABLE_NS_ASSERTIONS = NO;
				ENABLE_STRICT_OBJC_MSGSEND = YES;
				GCC_C_LANGUAGE_STANDARD = gnu11;
				GCC_NO_COMMON_BLOCKS = YES;
				GCC_WARN_64_TO_32_BIT_CONVERSION = YES;
				GCC_WARN_ABOUT_RETURN_TYPE = YES_ERROR;
				GCC_WARN_UNDECLARED_SELECTOR = YES;
				GCC_WARN_UNINITIALIZED_AUTOS = YES_AGGRESSIVE;
				GCC_WARN_UNUSED_FUNCTION = YES;
				GCC_WARN_UNUSED_VARIABLE = YES;
				IPHONEOS_DEPLOYMENT_TARGET = 16.2;
				MTL_ENABLE_DEBUG_INFO = NO;
				MTL_FAST_MATH = YES;
				SDKROOT = iphoneos;
				SWIFT_COMPILATION_MODE = wholemodule;
				SWIFT_OPTIMIZATION_LEVEL = "-O";
				VALIDATE_PRODUCT = YES;
			};
			name = Release;
		};
		41D635422C7FB3B60015B351 /* Debug */ = {
			isa = XCBuildConfiguration;
			buildSettings = {
				ASSETCATALOG_COMPILER_APPICON_NAME = AppIcon;
				ASSETCATALOG_COMPILER_GLOBAL_ACCENT_COLOR_NAME = AccentColor;
				CODE_SIGN_IDENTITY = "Apple Development";
				"CODE_SIGN_IDENTITY[sdk=iphoneos*]" = "iPhone Developer";
				CODE_SIGN_STYLE = Manual;
				CURRENT_PROJECT_VERSION = 1;
				DEVELOPMENT_TEAM = "";
				"DEVELOPMENT_TEAM[sdk=iphoneos*]" = H35UDKS5S8;
				GENERATE_INFOPLIST_FILE = YES;
				INFOPLIST_FILE = Recorder/Info.plist;
				INFOPLIST_KEY_CFBundleDisplayName = "Windrush Recorder";
				INFOPLIST_KEY_LSApplicationCategoryType = "public.app-category.reference";
				INFOPLIST_KEY_UIApplicationSupportsIndirectInputEvents = YES;
				INFOPLIST_KEY_UILaunchStoryboardName = LaunchScreen;
				INFOPLIST_KEY_UISupportedInterfaceOrientations_iPad = "UIInterfaceOrientationPortrait UIInterfaceOrientationPortraitUpsideDown UIInterfaceOrientationLandscapeLeft UIInterfaceOrientationLandscapeRight";
				INFOPLIST_KEY_UISupportedInterfaceOrientations_iPhone = "UIInterfaceOrientationPortrait UIInterfaceOrientationLandscapeLeft UIInterfaceOrientationLandscapeRight";
				IPHONEOS_DEPLOYMENT_TARGET = 15.0;
				LD_RUNPATH_SEARCH_PATHS = (
					"$(inherited)",
					"@executable_path/Frameworks",
				);
				MARKETING_VERSION = 1.0;
				PRODUCT_BUNDLE_IDENTIFIER = paulinedavis.Recorder;
				PRODUCT_NAME = "$(TARGET_NAME)";
				PROVISIONING_PROFILE_SPECIFIER = "";
				"PROVISIONING_PROFILE_SPECIFIER[sdk=iphoneos*]" = recorderAgain;
				SWIFT_EMIT_LOC_STRINGS = YES;
				SWIFT_VERSION = 5.0;
				TARGETED_DEVICE_FAMILY = "1,2";
			};
			name = Debug;
		};
		41D635432C7FB3B60015B351 /* Release */ = {
			isa = XCBuildConfiguration;
			buildSettings = {
				ASSETCATALOG_COMPILER_APPICON_NAME = AppIcon;
				ASSETCATALOG_COMPILER_GLOBAL_ACCENT_COLOR_NAME = AccentColor;
				CODE_SIGN_IDENTITY = "Apple Distribution";
				"CODE_SIGN_IDENTITY[sdk=iphoneos*]" = "iPhone Developer";
				CODE_SIGN_STYLE = Manual;
				CURRENT_PROJECT_VERSION = 1;
				DEVELOPMENT_TEAM = "";
				"DEVELOPMENT_TEAM[sdk=iphoneos*]" = H35UDKS5S8;
				GENERATE_INFOPLIST_FILE = YES;
				INFOPLIST_FILE = Recorder/Info.plist;
				INFOPLIST_KEY_CFBundleDisplayName = "Windrush Recorder";
				INFOPLIST_KEY_LSApplicationCategoryType = "public.app-category.reference";
				INFOPLIST_KEY_UIApplicationSupportsIndirectInputEvents = YES;
				INFOPLIST_KEY_UILaunchStoryboardName = LaunchScreen;
				INFOPLIST_KEY_UISupportedInterfaceOrientations_iPad = "UIInterfaceOrientationPortrait UIInterfaceOrientationPortraitUpsideDown UIInterfaceOrientationLandscapeLeft UIInterfaceOrientationLandscapeRight";
				INFOPLIST_KEY_UISupportedInterfaceOrientations_iPhone = "UIInterfaceOrientationPortrait UIInterfaceOrientationLandscapeLeft UIInterfaceOrientationLandscapeRight";
				IPHONEOS_DEPLOYMENT_TARGET = 15.0;
				LD_RUNPATH_SEARCH_PATHS = (
					"$(inherited)",
					"@executable_path/Frameworks",
				);
				MARKETING_VERSION = 1.0;
				PRODUCT_BUNDLE_IDENTIFIER = paulinedavis.Recorder;
				PRODUCT_NAME = "$(TARGET_NAME)";
				PROVISIONING_PROFILE_SPECIFIER = "";
				"PROVISIONING_PROFILE_SPECIFIER[sdk=iphoneos*]" = recorderAgain;
				SWIFT_EMIT_LOC_STRINGS = YES;
				SWIFT_VERSION = 5.0;
				TARGETED_DEVICE_FAMILY = "1,2";
			};
			name = Release;
		};
		41D635452C7FB3B60015B351 /* Debug */ = {
			isa = XCBuildConfiguration;
			buildSettings = {
				ALWAYS_EMBED_SWIFT_STANDARD_LIBRARIES = YES;
				BUNDLE_LOADER = "$(TEST_HOST)";
				CODE_SIGN_STYLE = Automatic;
				CURRENT_PROJECT_VERSION = 1;
				DEVELOPMENT_TEAM = H35UDKS5S8;
				GENERATE_INFOPLIST_FILE = YES;
				IPHONEOS_DEPLOYMENT_TARGET = 16.2;
				MARKETING_VERSION = 1.0;
				PRODUCT_BUNDLE_IDENTIFIER = paulinedavis.RecorderTests;
				PRODUCT_NAME = "$(TARGET_NAME)";
				SWIFT_EMIT_LOC_STRINGS = NO;
				SWIFT_VERSION = 5.0;
				TARGETED_DEVICE_FAMILY = "1,2";
				TEST_HOST = "$(BUILT_PRODUCTS_DIR)/Recorder.app/$(BUNDLE_EXECUTABLE_FOLDER_PATH)/Recorder";
			};
			name = Debug;
		};
		41D635462C7FB3B60015B351 /* Release */ = {
			isa = XCBuildConfiguration;
			buildSettings = {
				ALWAYS_EMBED_SWIFT_STANDARD_LIBRARIES = YES;
				BUNDLE_LOADER = "$(TEST_HOST)";
				CODE_SIGN_STYLE = Automatic;
				CURRENT_PROJECT_VERSION = 1;
				DEVELOPMENT_TEAM = H35UDKS5S8;
				GENERATE_INFOPLIST_FILE = YES;
				IPHONEOS_DEPLOYMENT_TARGET = 16.2;
				MARKETING_VERSION = 1.0;
				PRODUCT_BUNDLE_IDENTIFIER = paulinedavis.RecorderTests;
				PRODUCT_NAME = "$(TARGET_NAME)";
				SWIFT_EMIT_LOC_STRINGS = NO;
				SWIFT_VERSION = 5.0;
				TARGETED_DEVICE_FAMILY = "1,2";
				TEST_HOST = "$(BUILT_PRODUCTS_DIR)/Recorder.app/$(BUNDLE_EXECUTABLE_FOLDER_PATH)/Recorder";
			};
			name = Release;
		};
		41D635482C7FB3B60015B351 /* Debug */ = {
			isa = XCBuildConfiguration;
			buildSettings = {
				ALWAYS_EMBED_SWIFT_STANDARD_LIBRARIES = YES;
				CODE_SIGN_STYLE = Automatic;
				CURRENT_PROJECT_VERSION = 1;
				DEVELOPMENT_TEAM = H35UDKS5S8;
				GENERATE_INFOPLIST_FILE = YES;
				MARKETING_VERSION = 1.0;
				PRODUCT_BUNDLE_IDENTIFIER = paulinedavis.RecorderUITests;
				PRODUCT_NAME = "$(TARGET_NAME)";
				SWIFT_EMIT_LOC_STRINGS = NO;
				SWIFT_VERSION = 5.0;
				TARGETED_DEVICE_FAMILY = "1,2";
				TEST_TARGET_NAME = Recorder;
			};
			name = Debug;
		};
		41D635492C7FB3B60015B351 /* Release */ = {
			isa = XCBuildConfiguration;
			buildSettings = {
				ALWAYS_EMBED_SWIFT_STANDARD_LIBRARIES = YES;
				CODE_SIGN_STYLE = Automatic;
				CURRENT_PROJECT_VERSION = 1;
				DEVELOPMENT_TEAM = H35UDKS5S8;
				GENERATE_INFOPLIST_FILE = YES;
				MARKETING_VERSION = 1.0;
				PRODUCT_BUNDLE_IDENTIFIER = paulinedavis.RecorderUITests;
				PRODUCT_NAME = "$(TARGET_NAME)";
				SWIFT_EMIT_LOC_STRINGS = NO;
				SWIFT_VERSION = 5.0;
				TARGETED_DEVICE_FAMILY = "1,2";
				TEST_TARGET_NAME = Recorder;
			};
			name = Release;
		};
/* End XCBuildConfiguration section */

/* Begin XCConfigurationList section */
		41D635122C7FB3B40015B351 /* Build configuration list for PBXProject "Recorder" */ = {
			isa = XCConfigurationList;
			buildConfigurations = (
				41D6353F2C7FB3B60015B351 /* Debug */,
				41D635402C7FB3B60015B351 /* Release */,
			);
			defaultConfigurationIsVisible = 0;
			defaultConfigurationName = Release;
		};
		41D635412C7FB3B60015B351 /* Build configuration list for PBXNativeTarget "Recorder" */ = {
			isa = XCConfigurationList;
			buildConfigurations = (
				41D635422C7FB3B60015B351 /* Debug */,
				41D635432C7FB3B60015B351 /* Release */,
			);
			defaultConfigurationIsVisible = 0;
			defaultConfigurationName = Release;
		};
		41D635442C7FB3B60015B351 /* Build configuration list for PBXNativeTarget "RecorderTests" */ = {
			isa = XCConfigurationList;
			buildConfigurations = (
				41D635452C7FB3B60015B351 /* Debug */,
				41D635462C7FB3B60015B351 /* Release */,
			);
			defaultConfigurationIsVisible = 0;
			defaultConfigurationName = Release;
		};
		41D635472C7FB3B60015B351 /* Build configuration list for PBXNativeTarget "RecorderUITests" */ = {
			isa = XCConfigurationList;
			buildConfigurations = (
				41D635482C7FB3B60015B351 /* Debug */,
				41D635492C7FB3B60015B351 /* Release */,
			);
			defaultConfigurationIsVisible = 0;
			defaultConfigurationName = Release;
		};
/* End XCConfigurationList section */
	};
	rootObject = 41D6350F2C7FB3B40015B351 /* Project object */;
}
